// !$*UTF8*$!
{
	archiveVersion = 1;
	classes = {
	};
	objectVersion = 56;
	objects = {

/* Begin PBXBuildFile section */
		4351E53E15522DCBFA37BB5F /* Pods_SwifUIDemo.framework in Frameworks */ = {isa = PBXBuildFile; fileRef = 90CBCA38127D515FB701D90A /* Pods_SwifUIDemo.framework */; };
		D816F9BF29DFF6910063F717 /* ProductModel.swift in Sources */ = {isa = PBXBuildFile; fileRef = D816F9BE29DFF6910063F717 /* ProductModel.swift */; };
		D816F9C129DFF6AC0063F717 /* ProductCell.swift in Sources */ = {isa = PBXBuildFile; fileRef = D816F9C029DFF6AC0063F717 /* ProductCell.swift */; };
		D816F9C329DFF6CE0063F717 /* DemoList.swift in Sources */ = {isa = PBXBuildFile; fileRef = D816F9C229DFF6CE0063F717 /* DemoList.swift */; };
		D816F9C629E134820063F717 /* ProductViewModel.swift in Sources */ = {isa = PBXBuildFile; fileRef = D816F9C529E134820063F717 /* ProductViewModel.swift */; };
		D8CDA99C29DFF0030022C424 /* SwifUIDemoApp.swift in Sources */ = {isa = PBXBuildFile; fileRef = D8CDA99B29DFF0030022C424 /* SwifUIDemoApp.swift */; };
		D8CDA99E29DFF0030022C424 /* ContentView.swift in Sources */ = {isa = PBXBuildFile; fileRef = D8CDA99D29DFF0030022C424 /* ContentView.swift */; };
		D8CDA9A029DFF0050022C424 /* Assets.xcassets in Resources */ = {isa = PBXBuildFile; fileRef = D8CDA99F29DFF0050022C424 /* Assets.xcassets */; };
		D8CDA9A329DFF0050022C424 /* Preview Assets.xcassets in Resources */ = {isa = PBXBuildFile; fileRef = D8CDA9A229DFF0050022C424 /* Preview Assets.xcassets */; };
		D8CDA9AA29DFF0450022C424 /* 001.json in Resources */ = {isa = PBXBuildFile; fileRef = D8CDA9A929DFF0440022C424 /* 001.json */; };
/* End PBXBuildFile section */

/* Begin PBXFileReference section */
		44A9D2BAB73F86321B5B4204 /* Pods-SwifUIDemo.debug.xcconfig */ = {isa = PBXFileReference; includeInIndex = 1; lastKnownFileType = text.xcconfig; name = "Pods-SwifUIDemo.debug.xcconfig"; path = "Target Support Files/Pods-SwifUIDemo/Pods-SwifUIDemo.debug.xcconfig"; sourceTree = "<group>"; };
		90CBCA38127D515FB701D90A /* Pods_SwifUIDemo.framework */ = {isa = PBXFileReference; explicitFileType = wrapper.framework; includeInIndex = 0; path = Pods_SwifUIDemo.framework; sourceTree = BUILT_PRODUCTS_DIR; };
		D18C2ECA4F009F45FDF22D5E /* Pods-SwifUIDemo.release.xcconfig */ = {isa = PBXFileReference; includeInIndex = 1; lastKnownFileType = text.xcconfig; name = "Pods-SwifUIDemo.release.xcconfig"; path = "Target Support Files/Pods-SwifUIDemo/Pods-SwifUIDemo.release.xcconfig"; sourceTree = "<group>"; };
		D816F9BE29DFF6910063F717 /* ProductModel.swift */ = {isa = PBXFileReference; lastKnownFileType = sourcecode.swift; path = ProductModel.swift; sourceTree = "<group>"; };
		D816F9C029DFF6AC0063F717 /* ProductCell.swift */ = {isa = PBXFileReference; lastKnownFileType = sourcecode.swift; path = ProductCell.swift; sourceTree = "<group>"; };
		D816F9C229DFF6CE0063F717 /* DemoList.swift */ = {isa = PBXFileReference; lastKnownFileType = sourcecode.swift; path = DemoList.swift; sourceTree = "<group>"; };
		D816F9C529E134820063F717 /* ProductViewModel.swift */ = {isa = PBXFileReference; lastKnownFileType = sourcecode.swift; path = ProductViewModel.swift; sourceTree = "<group>"; };
		D8CDA99829DFF0030022C424 /* SwifUIDemo.app */ = {isa = PBXFileReference; explicitFileType = wrapper.application; includeInIndex = 0; path = SwifUIDemo.app; sourceTree = BUILT_PRODUCTS_DIR; };
		D8CDA99B29DFF0030022C424 /* SwifUIDemoApp.swift */ = {isa = PBXFileReference; lastKnownFileType = sourcecode.swift; path = SwifUIDemoApp.swift; sourceTree = "<group>"; };
		D8CDA99D29DFF0030022C424 /* ContentView.swift */ = {isa = PBXFileReference; lastKnownFileType = sourcecode.swift; path = ContentView.swift; sourceTree = "<group>"; };
		D8CDA99F29DFF0050022C424 /* Assets.xcassets */ = {isa = PBXFileReference; lastKnownFileType = folder.assetcatalog; path = Assets.xcassets; sourceTree = "<group>"; };
		D8CDA9A229DFF0050022C424 /* Preview Assets.xcassets */ = {isa = PBXFileReference; lastKnownFileType = folder.assetcatalog; path = "Preview Assets.xcassets"; sourceTree = "<group>"; };
		D8CDA9A929DFF0440022C424 /* 001.json */ = {isa = PBXFileReference; fileEncoding = 4; lastKnownFileType = text.json; path = 001.json; sourceTree = "<group>"; };
/* End PBXFileReference section */

/* Begin PBXFrameworksBuildPhase section */
		D8CDA99529DFF0030022C424 /* Frameworks */ = {
			isa = PBXFrameworksBuildPhase;
			buildActionMask = 2147483647;
			files = (
				4351E53E15522DCBFA37BB5F /* Pods_SwifUIDemo.framework in Frameworks */,
			);
			runOnlyForDeploymentPostprocessing = 0;
		};
/* End PBXFrameworksBuildPhase section */

/* Begin PBXGroup section */
		7F3B5BC896CA7383CA78E8DF /* Frameworks */ = {
			isa = PBXGroup;
			children = (
				90CBCA38127D515FB701D90A /* Pods_SwifUIDemo.framework */,
			);
			name = Frameworks;
			sourceTree = "<group>";
		};
		C427BF55BF7DD78070EAF52E /* Pods */ = {
			isa = PBXGroup;
			children = (
				44A9D2BAB73F86321B5B4204 /* Pods-SwifUIDemo.debug.xcconfig */,
				D18C2ECA4F009F45FDF22D5E /* Pods-SwifUIDemo.release.xcconfig */,
			);
			path = Pods;
			sourceTree = "<group>";
		};
		D816F9C429DFF6DE0063F717 /* List */ = {
			isa = PBXGroup;
			children = (
				D816F9BE29DFF6910063F717 /* ProductModel.swift */,
				D816F9C029DFF6AC0063F717 /* ProductCell.swift */,
				D816F9C229DFF6CE0063F717 /* DemoList.swift */,
				D816F9C529E134820063F717 /* ProductViewModel.swift */,
			);
			path = List;
			sourceTree = "<group>";
		};
		D8CDA98F29DFF0030022C424 = {
			isa = PBXGroup;
			children = (
				D8CDA99A29DFF0030022C424 /* SwifUIDemo */,
				D8CDA99929DFF0030022C424 /* Products */,
				C427BF55BF7DD78070EAF52E /* Pods */,
				7F3B5BC896CA7383CA78E8DF /* Frameworks */,
			);
			sourceTree = "<group>";
		};
		D8CDA99929DFF0030022C424 /* Products */ = {
			isa = PBXGroup;
			children = (
				D8CDA99829DFF0030022C424 /* SwifUIDemo.app */,
			);
			name = Products;
			sourceTree = "<group>";
		};
		D8CDA99A29DFF0030022C424 /* SwifUIDemo */ = {
			isa = PBXGroup;
			children = (
				D8CDA99B29DFF0030022C424 /* SwifUIDemoApp.swift */,
				D8CDA99D29DFF0030022C424 /* ContentView.swift */,
				D8CDA9A929DFF0440022C424 /* 001.json */,
				D816F9C429DFF6DE0063F717 /* List */,
				D8CDA99F29DFF0050022C424 /* Assets.xcassets */,
				D8CDA9A129DFF0050022C424 /* Preview Content */,
			);
			path = SwifUIDemo;
			sourceTree = "<group>";
		};
		D8CDA9A129DFF0050022C424 /* Preview Content */ = {
			isa = PBXGroup;
			children = (
				D8CDA9A229DFF0050022C424 /* Preview Assets.xcassets */,
			);
			path = "Preview Content";
			sourceTree = "<group>";
		};
/* End PBXGroup section */

/* Begin PBXNativeTarget section */
		D8CDA99729DFF0030022C424 /* SwifUIDemo */ = {
			isa = PBXNativeTarget;
			buildConfigurationList = D8CDA9A629DFF0050022C424 /* Build configuration list for PBXNativeTarget "SwifUIDemo" */;
			buildPhases = (
				86549295B0C3753256BFBDF7 /* [CP] Check Pods Manifest.lock */,
				D8CDA99429DFF0030022C424 /* Sources */,
				D8CDA99529DFF0030022C424 /* Frameworks */,
				D8CDA99629DFF0030022C424 /* Resources */,
				42EBA6F462B41FB81D02EDCB /* [CP] Embed Pods Frameworks */,
			);
			buildRules = (
			);
			dependencies = (
			);
			name = SwifUIDemo;
			productName = SwifUIDemo;
			productReference = D8CDA99829DFF0030022C424 /* SwifUIDemo.app */;
			productType = "com.apple.product-type.application";
		};
/* End PBXNativeTarget section */

/* Begin PBXProject section */
		D8CDA99029DFF0030022C424 /* Project object */ = {
			isa = PBXProject;
			attributes = {
				BuildIndependentTargetsInParallel = 1;
				LastSwiftUpdateCheck = 1420;
				LastUpgradeCheck = 1420;
				TargetAttributes = {
					D8CDA99729DFF0030022C424 = {
						CreatedOnToolsVersion = 14.2;
					};
				};
			};
			buildConfigurationList = D8CDA99329DFF0030022C424 /* Build configuration list for PBXProject "SwifUIDemo" */;
			compatibilityVersion = "Xcode 14.0";
			developmentRegion = en;
			hasScannedForEncodings = 0;
			knownRegions = (
				en,
				Base,
			);
			mainGroup = D8CDA98F29DFF0030022C424;
			productRefGroup = D8CDA99929DFF0030022C424 /* Products */;
			projectDirPath = "";
			projectRoot = "";
			targets = (
				D8CDA99729DFF0030022C424 /* SwifUIDemo */,
			);
		};
/* End PBXProject section */

/* Begin PBXResourcesBuildPhase section */
		D8CDA99629DFF0030022C424 /* Resources */ = {
			isa = PBXResourcesBuildPhase;
			buildActionMask = 2147483647;
			files = (
				D8CDA9AA29DFF0450022C424 /* 001.json in Resources */,
				D8CDA9A329DFF0050022C424 /* Preview Assets.xcassets in Resources */,
				D8CDA9A029DFF0050022C424 /* Assets.xcassets in Resources */,
			);
			runOnlyForDeploymentPostprocessing = 0;
		};
/* End PBXResourcesBuildPhase section */

/* Begin PBXShellScriptBuildPhase section */
		42EBA6F462B41FB81D02EDCB /* [CP] Embed Pods Frameworks */ = {
			isa = PBXShellScriptBuildPhase;
			buildActionMask = 2147483647;
			files = (
			);
			inputFileListPaths = (
				"${PODS_ROOT}/Target Support Files/Pods-SwifUIDemo/Pods-SwifUIDemo-frameworks-${CONFIGURATION}-input-files.xcfilelist",
			);
			name = "[CP] Embed Pods Frameworks";
			outputFileListPaths = (
				"${PODS_ROOT}/Target Support Files/Pods-SwifUIDemo/Pods-SwifUIDemo-frameworks-${CONFIGURATION}-output-files.xcfilelist",
			);
			runOnlyForDeploymentPostprocessing = 0;
			shellPath = /bin/sh;
			shellScript = "\"${PODS_ROOT}/Target Support Files/Pods-SwifUIDemo/Pods-SwifUIDemo-frameworks.sh\"\n";
			showEnvVarsInLog = 0;
		};
		86549295B0C3753256BFBDF7 /* [CP] Check Pods Manifest.lock */ = {
			isa = PBXShellScriptBuildPhase;
			buildActionMask = 2147483647;
			files = (
			);
			inputFileListPaths = (
			);
			inputPaths = (
				"${PODS_PODFILE_DIR_PATH}/Podfile.lock",
				"${PODS_ROOT}/Manifest.lock",
			);
			name = "[CP] Check Pods Manifest.lock";
			outputFileListPaths = (
			);
			outputPaths = (
				"$(DERIVED_FILE_DIR)/Pods-SwifUIDemo-checkManifestLockResult.txt",
			);
			runOnlyForDeploymentPostprocessing = 0;
			shellPath = /bin/sh;
			shellScript = "diff \"${PODS_PODFILE_DIR_PATH}/Podfile.lock\" \"${PODS_ROOT}/Manifest.lock\" > /dev/null\nif [ $? != 0 ] ; then\n    # print error to STDERR\n    echo \"error: The sandbox is not in sync with the Podfile.lock. Run 'pod install' or update your CocoaPods installation.\" >&2\n    exit 1\nfi\n# This output is used by Xcode 'outputs' to avoid re-running this script phase.\necho \"SUCCESS\" > \"${SCRIPT_OUTPUT_FILE_0}\"\n";
			showEnvVarsInLog = 0;
		};
/* End PBXShellScriptBuildPhase section */

/* Begin PBXSourcesBuildPhase section */
		D8CDA99429DFF0030022C424 /* Sources */ = {
			isa = PBXSourcesBuildPhase;
			buildActionMask = 2147483647;
			files = (
				D8CDA99E29DFF0030022C424 /* ContentView.swift in Sources */,
				D816F9C329DFF6CE0063F717 /* DemoList.swift in Sources */,
				D816F9C629E134820063F717 /* ProductViewModel.swift in Sources */,
				D816F9C129DFF6AC0063F717 /* ProductCell.swift in Sources */,
				D816F9BF29DFF6910063F717 /* ProductModel.swift in Sources */,
				D8CDA99C29DFF0030022C424 /* SwifUIDemoApp.swift in Sources */,
			);
			runOnlyForDeploymentPostprocessing = 0;
		};
/* End PBXSourcesBuildPhase section */

/* Begin XCBuildConfiguration section */
		D8CDA9A429DFF0050022C424 /* Debug */ = {
			isa = XCBuildConfiguration;
			buildSettings = {
				ALWAYS_SEARCH_USER_PATHS = NO;
				CLANG_ANALYZER_NONNULL = YES;
				CLANG_ANALYZER_NUMBER_OBJECT_CONVERSION = YES_AGGRESSIVE;
				CLANG_CXX_LANGUAGE_STANDARD = "gnu++20";
				CLANG_ENABLE_MODULES = YES;
				CLANG_ENABLE_OBJC_ARC = YES;
				CLANG_ENABLE_OBJC_WEAK = YES;
				CLANG_WARN_BLOCK_CAPTURE_AUTORELEASING = YES;
				CLANG_WARN_BOOL_CONVERSION = YES;
				CLANG_WARN_COMMA = YES;
				CLANG_WARN_CONSTANT_CONVERSION = YES;
				CLANG_WARN_DEPRECATED_OBJC_IMPLEMENTATIONS = YES;
				CLANG_WARN_DIRECT_OBJC_ISA_USAGE = YES_ERROR;
				CLANG_WARN_DOCUMENTATION_COMMENTS = YES;
				CLANG_WARN_EMPTY_BODY = YES;
				CLANG_WARN_ENUM_CONVERSION = YES;
				CLANG_WARN_INFINITE_RECURSION = YES;
				CLANG_WARN_INT_CONVERSION = YES;
				CLANG_WARN_NON_LITERAL_NULL_CONVERSION = YES;
				CLANG_WARN_OBJC_IMPLICIT_RETAIN_SELF = YES;
				CLANG_WARN_OBJC_LITERAL_CONVERSION = YES;
				CLANG_WARN_OBJC_ROOT_CLASS = YES_ERROR;
				CLANG_WARN_QUOTED_INCLUDE_IN_FRAMEWORK_HEADER = YES;
				CLANG_WARN_RANGE_LOOP_ANALYSIS = YES;
				CLANG_WARN_STRICT_PROTOTYPES = YES;
				CLANG_WARN_SUSPICIOUS_MOVE = YES;
				CLANG_WARN_UNGUARDED_AVAILABILITY = YES_AGGRESSIVE;
				CLANG_WARN_UNREACHABLE_CODE = YES;
				CLANG_WARN__DUPLICATE_METHOD_MATCH = YES;
				COPY_PHASE_STRIP = NO;
				DEBUG_INFORMATION_FORMAT = dwarf;
				ENABLE_STRICT_OBJC_MSGSEND = YES;
				ENABLE_TESTABILITY = YES;
				GCC_C_LANGUAGE_STANDARD = gnu11;
				GCC_DYNAMIC_NO_PIC = NO;
				GCC_NO_COMMON_BLOCKS = YES;
				GCC_OPTIMIZATION_LEVEL = 0;
				GCC_PREPROCESSOR_DEFINITIONS = (
					"DEBUG=1",
					"$(inherited)",
				);
				GCC_WARN_64_TO_32_BIT_CONVERSION = YES;
				GCC_WARN_ABOUT_RETURN_TYPE = YES_ERROR;
				GCC_WARN_UNDECLARED_SELECTOR = YES;
				GCC_WARN_UNINITIALIZED_AUTOS = YES_AGGRESSIVE;
				GCC_WARN_UNUSED_FUNCTION = YES;
				GCC_WARN_UNUSED_VARIABLE = YES;
				IPHONEOS_DEPLOYMENT_TARGET = 16.2;
				MTL_ENABLE_DEBUG_INFO = INCLUDE_SOURCE;
				MTL_FAST_MATH = YES;
				ONLY_ACTIVE_ARCH = YES;
				SDKROOT = iphoneos;
				SWIFT_ACTIVE_COMPILATION_CONDITIONS = DEBUG;
				SWIFT_OPTIMIZATION_LEVEL = "-Onone";
			};
			name = Debug;
		};
		D8CDA9A529DFF0050022C424 /* Release */ = {
			isa = XCBuildConfiguration;
			buildSettings = {
				ALWAYS_SEARCH_USER_PATHS = NO;
				CLANG_ANALYZER_NONNULL = YES;
				CLANG_ANALYZER_NUMBER_OBJECT_CONVERSION = YES_AGGRESSIVE;
				CLANG_CXX_LANGUAGE_STANDARD = "gnu++20";
				CLANG_ENABLE_MODULES = YES;
				CLANG_ENABLE_OBJC_ARC = YES;
				CLANG_ENABLE_OBJC_WEAK = YES;
				CLANG_WARN_BLOCK_CAPTURE_AUTORELEASING = YES;
				CLANG_WARN_BOOL_CONVERSION = YES;
				CLANG_WARN_COMMA = YES;
				CLANG_WARN_CONSTANT_CONVERSION = YES;
				CLANG_WARN_DEPRECATED_OBJC_IMPLEMENTATIONS = YES;
				CLANG_WARN_DIRECT_OBJC_ISA_USAGE = YES_ERROR;
				CLANG_WARN_DOCUMENTATION_COMMENTS = YES;
				CLANG_WARN_EMPTY_BODY = YES;
				CLANG_WARN_ENUM_CONVERSION = YES;
				CLANG_WARN_INFINITE_RECURSION = YES;
				CLANG_WARN_INT_CONVERSION = YES;
				CLANG_WARN_NON_LITERAL_NULL_CONVERSION = YES;
				CLANG_WARN_OBJC_IMPLICIT_RETAIN_SELF = YES;
				CLANG_WARN_OBJC_LITERAL_CONVERSION = YES;
				CLANG_WARN_OBJC_ROOT_CLASS = YES_ERROR;
				CLANG_WARN_QUOTED_INCLUDE_IN_FRAMEWORK_HEADER = YES;
				CLANG_WARN_RANGE_LOOP_ANALYSIS = YES;
				CLANG_WARN_STRICT_PROTOTYPES = YES;
				CLANG_WARN_SUSPICIOUS_MOVE = YES;
				CLANG_WARN_UNGUARDED_AVAILABILITY = YES_AGGRESSIVE;
				CLANG_WARN_UNREACHABLE_CODE = YES;
				CLANG_WARN__DUPLICATE_METHOD_MATCH = YES;
				COPY_PHASE_STRIP = NO;
				DEBUG_INFORMATION_FORMAT = "dwarf-with-dsym";
				ENABLE_NS_ASSERTIONS = NO;
				ENABLE_STRICT_OBJC_MSGSEND = YES;
				GCC_C_LANGUAGE_STANDARD = gnu11;
				GCC_NO_COMMON_BLOCKS = YES;
				GCC_WARN_64_TO_32_BIT_CONVERSION = YES;
				GCC_WARN_ABOUT_RETURN_TYPE = YES_ERROR;
				GCC_WARN_UNDECLARED_SELECTOR = YES;
				GCC_WARN_UNINITIALIZED_AUTOS = YES_AGGRESSIVE;
				GCC_WARN_UNUSED_FUNCTION = YES;
				GCC_WARN_UNUSED_VARIABLE = YES;
				IPHONEOS_DEPLOYMENT_TARGET = 16.2;
				MTL_ENABLE_DEBUG_INFO = NO;
				MTL_FAST_MATH = YES;
				SDKROOT = iphoneos;
				SWIFT_COMPILATION_MODE = wholemodule;
				SWIFT_OPTIMIZATION_LEVEL = "-O";
				VALIDATE_PRODUCT = YES;
			};
			name = Release;
		};
		D8CDA9A729DFF0050022C424 /* Debug */ = {
			isa = XCBuildConfiguration;
			baseConfigurationReference = 44A9D2BAB73F86321B5B4204 /* Pods-SwifUIDemo.debug.xcconfig */;
			buildSettings = {
				ASSETCATALOG_COMPILER_APPICON_NAME = AppIcon;
				ASSETCATALOG_COMPILER_GLOBAL_ACCENT_COLOR_NAME = AccentColor;
				CODE_SIGN_STYLE = Automatic;
				CURRENT_PROJECT_VERSION = 1;
				DEVELOPMENT_ASSET_PATHS = "\"SwifUIDemo/Preview Content\"";
				DEVELOPMENT_TEAM = C86VDTUA4K;
				ENABLE_PREVIEWS = YES;
				GENERATE_INFOPLIST_FILE = YES;
				INFOPLIST_KEY_UIApplicationSceneManifest_Generation = YES;
				INFOPLIST_KEY_UIApplicationSupportsIndirectInputEvents = YES;
				INFOPLIST_KEY_UILaunchScreen_Generation = YES;
				INFOPLIST_KEY_UISupportedInterfaceOrientations_iPad = "UIInterfaceOrientationPortrait UIInterfaceOrientationPortraitUpsideDown UIInterfaceOrientationLandscapeLeft UIInterfaceOrientationLandscapeRight";
				INFOPLIST_KEY_UISupportedInterfaceOrientations_iPhone = "UIInterfaceOrientationPortrait UIInterfaceOrientationLandscapeLeft UIInterfaceOrientationLandscapeRight";
				LD_RUNPATH_SEARCH_PATHS = (
					"$(inherited)",
					"@executable_path/Frameworks",
				);
				MARKETING_VERSION = 1.0;
				PRODUCT_BUNDLE_IDENTIFIER = com.ford.ma.SwifUIDemo;
				PRODUCT_NAME = "$(TARGET_NAME)";
				SWIFT_EMIT_LOC_STRINGS = YES;
				SWIFT_VERSION = 5.0;
				TARGETED_DEVICE_FAMILY = "1,2";
			};
			name = Debug;
		};
		D8CDA9A829DFF0050022C424 /* Release */ = {
			isa = XCBuildConfiguration;
			baseConfigurationReference = D18C2ECA4F009F45FDF22D5E /* Pods-SwifUIDemo.release.xcconfig */;
			buildSettings = {
				ASSETCATALOG_COMPILER_APPICON_NAME = AppIcon;
				ASSETCATALOG_COMPILER_GLOBAL_ACCENT_COLOR_NAME = AccentColor;
				CODE_SIGN_STYLE = Automatic;
				CURRENT_PROJECT_VERSION = 1;
				DEVELOPMENT_ASSET_PATHS = "\"SwifUIDemo/Preview Content\"";
				DEVELOPMENT_TEAM = C86VDTUA4K;
				ENABLE_PREVIEWS = YES;
				GENERATE_INFOPLIST_FILE = YES;
				INFOPLIST_KEY_UIApplicationSceneManifest_Generation = YES;
				INFOPLIST_KEY_UIApplicationSupportsIndirectInputEvents = YES;
				INFOPLIST_KEY_UILaunchScreen_Generation = YES;
				INFOPLIST_KEY_UISupportedInterfaceOrientations_iPad = "UIInterfaceOrientationPortrait UIInterfaceOrientationPortraitUpsideDown UIInterfaceOrientationLandscapeLeft UIInterfaceOrientationLandscapeRight";
				INFOPLIST_KEY_UISupportedInterfaceOrientations_iPhone = "UIInterfaceOrientationPortrait UIInterfaceOrientationLandscapeLeft UIInterfaceOrientationLandscapeRight";
				LD_RUNPATH_SEARCH_PATHS = (
					"$(inherited)",
					"@executable_path/Frameworks",
				);
				MARKETING_VERSION = 1.0;
				PRODUCT_BUNDLE_IDENTIFIER = com.ford.ma.SwifUIDemo;
				PRODUCT_NAME = "$(TARGET_NAME)";
				SWIFT_EMIT_LOC_STRINGS = YES;
				SWIFT_VERSION = 5.0;
				TARGETED_DEVICE_FAMILY = "1,2";
			};
			name = Release;
		};
/* End XCBuildConfiguration section */

/* Begin XCConfigurationList section */
		D8CDA99329DFF0030022C424 /* Build configuration list for PBXProject "SwifUIDemo" */ = {
			isa = XCConfigurationList;
			buildConfigurations = (
				D8CDA9A429DFF0050022C424 /* Debug */,
				D8CDA9A529DFF0050022C424 /* Release */,
			);
			defaultConfigurationIsVisible = 0;
			defaultConfigurationName = Release;
		};
		D8CDA9A629DFF0050022C424 /* Build configuration list for PBXNativeTarget "SwifUIDemo" */ = {
			isa = XCConfigurationList;
			buildConfigurations = (
				D8CDA9A729DFF0050022C424 /* Debug */,
				D8CDA9A829DFF0050022C424 /* Release */,
			);
			defaultConfigurationIsVisible = 0;
			defaultConfigurationName = Release;
		};
/* End XCConfigurationList section */
	};
	rootObject = D8CDA99029DFF0030022C424 /* Project object */;
}
